
Microsoft Visual Studio Solution File, Format Version 12.00
# Visual Studio Version 17
VisualStudioVersion = 17.0.31903.59
MinimumVisualStudioVersion = 10.0.40219.1
Project("{FAE04EC0-301F-11D3-BF4B-00C04F79EFBC}") = "WpfTask14", "WpfTask14\WpfTask14.csproj", "{6E92077F-E448-42E7-B723-DDBFE65612DC}"
EndProject
Global
	GlobalSection(SolutionConfigurationPlatforms) = preSolution
		Debug|Any CPU = Debug|Any CPU
		Release|Any CPU = Release|Any CPU
	EndGlobalSection
	GlobalSection(ProjectConfigurationPlatforms) = postSolution
		{6E92077F-E448-42E7-B723-DDBFE65612DC}.Debug|Any CPU.ActiveCfg = Debug|Any CPU
		{6E92077F-E448-42E7-B723-DDBFE65612DC}.Debug|Any CPU.Build.0 = Debug|Any CPU
		{6E92077F-E448-42E7-B723-DDBFE65612DC}.Release|Any CPU.ActiveCfg = Release|Any CPU
		{6E92077F-E448-42E7-B723-DDBFE65612DC}.Release|Any CPU.Build.0 = Release|Any CPU
	EndGlobalSection
	GlobalSection(SolutionProperties) = preSolution
		HideSolutionNode = FALSE
	EndGlobalSection
	GlobalSection(ExtensibilityGlobals) = postSolution
		SolutionGuid = {1E4B8B8D-BFFA-4D40-8472-088CC04D357C}
	EndGlobalSection
EndGlobal
